
Microsoft Visual Studio Solution File, Format Version 12.00
# Visual Studio Version 16
VisualStudioVersion = 16.0.29009.5
MinimumVisualStudioVersion = 10.0.40219.1
Project("{9A19103F-16F7-4668-BE54-9A1E7A4F7556}") = "MRSAuthServer", "MRSAuthServer\MRSAuthServer.csproj", "{33297B88-DF5E-4E5A-898A-D46C70C21F8C}"
EndProject
Project("{2150E333-8FDC-42A3-9474-1A3956D46DE8}") = "DataBases", "DataBases", "{E7DD73CE-2C02-4D5E-9135-6E1AB22611A8}"
EndProject
Project("{FAE04EC0-301F-11D3-BF4B-00C04F79EFBC}") = "MRSMobile.Data", "MRSMobile.Data\MRSMobile.Data.csproj", "{A876FE60-D08F-47E2-8BA3-089524F38171}"
EndProject
Project("{FAE04EC0-301F-11D3-BF4B-00C04F79EFBC}") = "MRSMobile.Data.Models", "MRSMobile.Data.Models\MRSMobile.Data.Models.csproj", "{C0B22F7B-3672-4EBE-A299-068808D65EE2}"
EndProject
Global
	GlobalSection(SolutionConfigurationPlatforms) = preSolution
		Debug|Any CPU = Debug|Any CPU
		Release|Any CPU = Release|Any CPU
	EndGlobalSection
	GlobalSection(ProjectConfigurationPlatforms) = postSolution
		{33297B88-DF5E-4E5A-898A-D46C70C21F8C}.Debug|Any CPU.ActiveCfg = Debug|Any CPU
		{33297B88-DF5E-4E5A-898A-D46C70C21F8C}.Debug|Any CPU.Build.0 = Debug|Any CPU
		{33297B88-DF5E-4E5A-898A-D46C70C21F8C}.Release|Any CPU.ActiveCfg = Release|Any CPU
		{33297B88-DF5E-4E5A-898A-D46C70C21F8C}.Release|Any CPU.Build.0 = Release|Any CPU
		{A876FE60-D08F-47E2-8BA3-089524F38171}.Debug|Any CPU.ActiveCfg = Debug|Any CPU
		{A876FE60-D08F-47E2-8BA3-089524F38171}.Debug|Any CPU.Build.0 = Debug|Any CPU
		{A876FE60-D08F-47E2-8BA3-089524F38171}.Release|Any CPU.ActiveCfg = Release|Any CPU
		{A876FE60-D08F-47E2-8BA3-089524F38171}.Release|Any CPU.Build.0 = Release|Any CPU
		{C0B22F7B-3672-4EBE-A299-068808D65EE2}.Debug|Any CPU.ActiveCfg = Debug|Any CPU
		{C0B22F7B-3672-4EBE-A299-068808D65EE2}.Debug|Any CPU.Build.0 = Debug|Any CPU
		{C0B22F7B-3672-4EBE-A299-068808D65EE2}.Release|Any CPU.ActiveCfg = Release|Any CPU
		{C0B22F7B-3672-4EBE-A299-068808D65EE2}.Release|Any CPU.Build.0 = Release|Any CPU
	EndGlobalSection
	GlobalSection(SolutionProperties) = preSolution
		HideSolutionNode = FALSE
	EndGlobalSection
	GlobalSection(NestedProjects) = preSolution
		{A876FE60-D08F-47E2-8BA3-089524F38171} = {E7DD73CE-2C02-4D5E-9135-6E1AB22611A8}
		{C0B22F7B-3672-4EBE-A299-068808D65EE2} = {E7DD73CE-2C02-4D5E-9135-6E1AB22611A8}
	EndGlobalSection
	GlobalSection(ExtensibilityGlobals) = postSolution
		SolutionGuid = {6265760A-7113-4314-970D-CD3BE9D9C751}
	EndGlobalSection
EndGlobal
