
Microsoft Visual Studio Solution File, Format Version 12.00
# Visual Studio Version 16
VisualStudioVersion = 16.0.28922.388
MinimumVisualStudioVersion = 10.0.40219.1
Project("{9A19103F-16F7-4668-BE54-9A1E7A4F7556}") = "MRSMobileServer", "MRSMobileServer\MRSMobileServer.csproj", "{D8B57B61-A163-4F91-97FC-3C231DD8E0FB}"
EndProject
Project("{9A19103F-16F7-4668-BE54-9A1E7A4F7556}") = "MRS.Data", "MRS.Data\MRS.Data.csproj", "{C906D724-CED2-4873-AA46-B07DD77B8347}"
EndProject
Project("{9A19103F-16F7-4668-BE54-9A1E7A4F7556}") = "SandProject", "SandProject\SandProject.csproj", "{45A8F6F4-7A23-4E67-9607-E8ECEEE7514F}"
EndProject
Project("{9A19103F-16F7-4668-BE54-9A1E7A4F7556}") = "MRS.Data.Models", "MRS.Data.Models\MRS.Data.Models.csproj", "{E97FA22D-024C-4311-A08F-D3B05DE499C0}"
EndProject
Project("{9A19103F-16F7-4668-BE54-9A1E7A4F7556}") = "MRSAuthantication", "MRSAuthantication\MRSAuthantication.csproj", "{A3D59C43-FDEC-4073-BC2B-904644CC978F}"
EndProject
Project("{2150E333-8FDC-42A3-9474-1A3956D46DE8}") = "Data", "Data", "{93BFA3B6-5E6D-41C1-9A49-35A45AE107BA}"
EndProject
Project("{2150E333-8FDC-42A3-9474-1A3956D46DE8}") = "Web", "Web", "{FD772219-71EE-4606-98B2-8FA9E6E3A1AB}"
EndProject
Project("{FAE04EC0-301F-11D3-BF4B-00C04F79EFBC}") = "MRS.Common", "MRS.Common\MRS.Common.csproj", "{5F6EFA58-C072-4F30-A934-168A1893A1C5}"
EndProject
Project("{2150E333-8FDC-42A3-9474-1A3956D46DE8}") = "MRS.Web", "MRS.Web", "{43DF48D9-C9DE-420F-8C75-2A4AB3069419}"
EndProject
Project("{FAE04EC0-301F-11D3-BF4B-00C04F79EFBC}") = "MRS.Web.Infrastructure", "MRS.Web.Infrastructure\MRS.Web.Infrastructure.csproj", "{BD66C54A-44CE-40C1-B791-A75B1E52315E}"
EndProject
Global
	GlobalSection(SolutionConfigurationPlatforms) = preSolution
		Debug|Any CPU = Debug|Any CPU
		Release|Any CPU = Release|Any CPU
	EndGlobalSection
	GlobalSection(ProjectConfigurationPlatforms) = postSolution
		{D8B57B61-A163-4F91-97FC-3C231DD8E0FB}.Debug|Any CPU.ActiveCfg = Debug|Any CPU
		{D8B57B61-A163-4F91-97FC-3C231DD8E0FB}.Debug|Any CPU.Build.0 = Debug|Any CPU
		{D8B57B61-A163-4F91-97FC-3C231DD8E0FB}.Release|Any CPU.ActiveCfg = Release|Any CPU
		{D8B57B61-A163-4F91-97FC-3C231DD8E0FB}.Release|Any CPU.Build.0 = Release|Any CPU
		{C906D724-CED2-4873-AA46-B07DD77B8347}.Debug|Any CPU.ActiveCfg = Debug|Any CPU
		{C906D724-CED2-4873-AA46-B07DD77B8347}.Debug|Any CPU.Build.0 = Debug|Any CPU
		{C906D724-CED2-4873-AA46-B07DD77B8347}.Release|Any CPU.ActiveCfg = Release|Any CPU
		{C906D724-CED2-4873-AA46-B07DD77B8347}.Release|Any CPU.Build.0 = Release|Any CPU
		{45A8F6F4-7A23-4E67-9607-E8ECEEE7514F}.Debug|Any CPU.ActiveCfg = Debug|Any CPU
		{45A8F6F4-7A23-4E67-9607-E8ECEEE7514F}.Debug|Any CPU.Build.0 = Debug|Any CPU
		{45A8F6F4-7A23-4E67-9607-E8ECEEE7514F}.Release|Any CPU.ActiveCfg = Release|Any CPU
		{45A8F6F4-7A23-4E67-9607-E8ECEEE7514F}.Release|Any CPU.Build.0 = Release|Any CPU
		{E97FA22D-024C-4311-A08F-D3B05DE499C0}.Debug|Any CPU.ActiveCfg = Debug|Any CPU
		{E97FA22D-024C-4311-A08F-D3B05DE499C0}.Debug|Any CPU.Build.0 = Debug|Any CPU
		{E97FA22D-024C-4311-A08F-D3B05DE499C0}.Release|Any CPU.ActiveCfg = Release|Any CPU
		{E97FA22D-024C-4311-A08F-D3B05DE499C0}.Release|Any CPU.Build.0 = Release|Any CPU
		{A3D59C43-FDEC-4073-BC2B-904644CC978F}.Debug|Any CPU.ActiveCfg = Debug|Any CPU
		{A3D59C43-FDEC-4073-BC2B-904644CC978F}.Debug|Any CPU.Build.0 = Debug|Any CPU
		{A3D59C43-FDEC-4073-BC2B-904644CC978F}.Release|Any CPU.ActiveCfg = Release|Any CPU
		{A3D59C43-FDEC-4073-BC2B-904644CC978F}.Release|Any CPU.Build.0 = Release|Any CPU
		{5F6EFA58-C072-4F30-A934-168A1893A1C5}.Debug|Any CPU.ActiveCfg = Debug|Any CPU
		{5F6EFA58-C072-4F30-A934-168A1893A1C5}.Debug|Any CPU.Build.0 = Debug|Any CPU
		{5F6EFA58-C072-4F30-A934-168A1893A1C5}.Release|Any CPU.ActiveCfg = Release|Any CPU
		{5F6EFA58-C072-4F30-A934-168A1893A1C5}.Release|Any CPU.Build.0 = Release|Any CPU
		{BD66C54A-44CE-40C1-B791-A75B1E52315E}.Debug|Any CPU.ActiveCfg = Debug|Any CPU
		{BD66C54A-44CE-40C1-B791-A75B1E52315E}.Debug|Any CPU.Build.0 = Debug|Any CPU
		{BD66C54A-44CE-40C1-B791-A75B1E52315E}.Release|Any CPU.ActiveCfg = Release|Any CPU
		{BD66C54A-44CE-40C1-B791-A75B1E52315E}.Release|Any CPU.Build.0 = Release|Any CPU
	EndGlobalSection
	GlobalSection(SolutionProperties) = preSolution
		HideSolutionNode = FALSE
	EndGlobalSection
	GlobalSection(NestedProjects) = preSolution
		{D8B57B61-A163-4F91-97FC-3C231DD8E0FB} = {43DF48D9-C9DE-420F-8C75-2A4AB3069419}
		{C906D724-CED2-4873-AA46-B07DD77B8347} = {93BFA3B6-5E6D-41C1-9A49-35A45AE107BA}
		{E97FA22D-024C-4311-A08F-D3B05DE499C0} = {93BFA3B6-5E6D-41C1-9A49-35A45AE107BA}
		{A3D59C43-FDEC-4073-BC2B-904644CC978F} = {43DF48D9-C9DE-420F-8C75-2A4AB3069419}
		{43DF48D9-C9DE-420F-8C75-2A4AB3069419} = {FD772219-71EE-4606-98B2-8FA9E6E3A1AB}
		{BD66C54A-44CE-40C1-B791-A75B1E52315E} = {FD772219-71EE-4606-98B2-8FA9E6E3A1AB}
	EndGlobalSection
	GlobalSection(ExtensibilityGlobals) = postSolution
		SolutionGuid = {52998C32-E606-4D87-B89A-F2DC881D107B}
	EndGlobalSection
EndGlobal
