
Microsoft Visual Studio Solution File, Format Version 12.00
# Visual Studio Version 16
VisualStudioVersion = 16.0.29009.5
MinimumVisualStudioVersion = 10.0.40219.1
Project("{2150E333-8FDC-42A3-9474-1A3956D46DE8}") = "Data", "Data", "{E7DD73CE-2C02-4D5E-9135-6E1AB22611A8}"
EndProject
Project("{9A19103F-16F7-4668-BE54-9A1E7A4F7556}") = "MRS.Data.Common", "MRSMobile.Data.Common\MRS.Data.Common.csproj", "{F76C3C74-25EE-4A64-A6C7-949F384CD909}"
EndProject
Project("{9A19103F-16F7-4668-BE54-9A1E7A4F7556}") = "MRS.Web.Infrastructure", "MRS.Web.Infrastructure\MRS.Web.Infrastructure.csproj", "{7EFF3D53-12CE-481B-B7C0-5FB8F6A2ABB7}"
EndProject
Project("{9A19103F-16F7-4668-BE54-9A1E7A4F7556}") = "MRS.Common", "MRS.Common\MRS.Common.csproj", "{EE099845-3D47-40A9-8B06-9E2250C717DD}"
EndProject
Project("{9A19103F-16F7-4668-BE54-9A1E7A4F7556}") = "MRS.Services", "MRS.Services\MRS.Services.csproj", "{C24AEC3E-D6F8-4210-8C5B-7947C2D7BCAB}"
EndProject
Project("{9A19103F-16F7-4668-BE54-9A1E7A4F7556}") = "SandProject", "SandProject\SandProject.csproj", "{D58E22D6-CFCE-492E-A258-40E18A71C5EE}"
EndProject
Project("{9A19103F-16F7-4668-BE54-9A1E7A4F7556}") = "MRSWebServer", "MRSWebServer\MRSWebServer.csproj", "{FEF50F12-5F39-4358-B38C-C7B2A3C9A726}"
EndProject
Project("{9A19103F-16F7-4668-BE54-9A1E7A4F7556}") = "MRSWeb.Data", "MRSWeb.Data\MRSWeb.Data.csproj", "{CA0DE2CA-4880-4AB3-B6EC-ECC5B8E8BE03}"
EndProject
Project("{9A19103F-16F7-4668-BE54-9A1E7A4F7556}") = "MRSWeb.Data.Models", "MRSWeb.Data.Models\MRSWeb.Data.Models.csproj", "{7277B46F-84D4-4343-B740-6F80C6DC4F4F}"
EndProject
Project("{9A19103F-16F7-4668-BE54-9A1E7A4F7556}") = "MRS.Tests", "MRS.Tests\MRS.Tests.csproj", "{5885A060-0E32-445E-8688-F857A1A8FAAD}"
EndProject
Project("{2150E333-8FDC-42A3-9474-1A3956D46DE8}") = "Web", "Web", "{37036782-98EC-492F-B53B-034CA6EC4A8D}"
EndProject
Project("{2150E333-8FDC-42A3-9474-1A3956D46DE8}") = "Services", "Services", "{B88B43AC-CF59-4B73-B68B-D9DDC6EB0750}"
EndProject
Project("{2150E333-8FDC-42A3-9474-1A3956D46DE8}") = "Tests", "Tests", "{3E0AD187-780A-48F2-9A19-833794621724}"
EndProject
Project("{FAE04EC0-301F-11D3-BF4B-00C04F79EFBC}") = "MRS.Mobile.Data", "MRS.Mobile.Data\MRS.Mobile.Data.csproj", "{0141CD45-D58A-4FA6-9A95-775B6795AFF0}"
EndProject
Project("{FAE04EC0-301F-11D3-BF4B-00C04F79EFBC}") = "MRS.Mobile.Data.Models", "MRS.Mobile.Data.Models\MRS.Mobile.Data.Models.csproj", "{F7AE05BB-2F7D-4800-B648-E19AB09B8116}"
EndProject
Project("{FAE04EC0-301F-11D3-BF4B-00C04F79EFBC}") = "MRS.Mobile.Web", "MRS.Mobile.Web\MRS.Mobile.Web.csproj", "{7EC1A998-1728-42DF-AA26-2DC653BB0BE0}"
EndProject
Project("{FAE04EC0-301F-11D3-BF4B-00C04F79EFBC}") = "MRS.Models", "MRS.Models\MRS.Models.csproj", "{96A45E05-0DF1-4088-B039-8D83E99883C5}"
EndProject
Project("{FAE04EC0-301F-11D3-BF4B-00C04F79EFBC}") = "MRS.Services.Data", "MRS.Services.Data\MRS.Services.Data.csproj", "{D27A4C3B-DB27-4162-9E01-3A97C3A80A9D}"
EndProject
Global
	GlobalSection(SolutionConfigurationPlatforms) = preSolution
		Debug|Any CPU = Debug|Any CPU
		Release|Any CPU = Release|Any CPU
	EndGlobalSection
	GlobalSection(ProjectConfigurationPlatforms) = postSolution
		{F76C3C74-25EE-4A64-A6C7-949F384CD909}.Debug|Any CPU.ActiveCfg = Debug|Any CPU
		{F76C3C74-25EE-4A64-A6C7-949F384CD909}.Debug|Any CPU.Build.0 = Debug|Any CPU
		{F76C3C74-25EE-4A64-A6C7-949F384CD909}.Release|Any CPU.ActiveCfg = Release|Any CPU
		{F76C3C74-25EE-4A64-A6C7-949F384CD909}.Release|Any CPU.Build.0 = Release|Any CPU
		{7EFF3D53-12CE-481B-B7C0-5FB8F6A2ABB7}.Debug|Any CPU.ActiveCfg = Debug|Any CPU
		{7EFF3D53-12CE-481B-B7C0-5FB8F6A2ABB7}.Debug|Any CPU.Build.0 = Debug|Any CPU
		{7EFF3D53-12CE-481B-B7C0-5FB8F6A2ABB7}.Release|Any CPU.ActiveCfg = Release|Any CPU
		{7EFF3D53-12CE-481B-B7C0-5FB8F6A2ABB7}.Release|Any CPU.Build.0 = Release|Any CPU
		{EE099845-3D47-40A9-8B06-9E2250C717DD}.Debug|Any CPU.ActiveCfg = Debug|Any CPU
		{EE099845-3D47-40A9-8B06-9E2250C717DD}.Debug|Any CPU.Build.0 = Debug|Any CPU
		{EE099845-3D47-40A9-8B06-9E2250C717DD}.Release|Any CPU.ActiveCfg = Release|Any CPU
		{EE099845-3D47-40A9-8B06-9E2250C717DD}.Release|Any CPU.Build.0 = Release|Any CPU
		{C24AEC3E-D6F8-4210-8C5B-7947C2D7BCAB}.Debug|Any CPU.ActiveCfg = Debug|Any CPU
		{C24AEC3E-D6F8-4210-8C5B-7947C2D7BCAB}.Debug|Any CPU.Build.0 = Debug|Any CPU
		{C24AEC3E-D6F8-4210-8C5B-7947C2D7BCAB}.Release|Any CPU.ActiveCfg = Release|Any CPU
		{C24AEC3E-D6F8-4210-8C5B-7947C2D7BCAB}.Release|Any CPU.Build.0 = Release|Any CPU
		{D58E22D6-CFCE-492E-A258-40E18A71C5EE}.Debug|Any CPU.ActiveCfg = Debug|Any CPU
		{D58E22D6-CFCE-492E-A258-40E18A71C5EE}.Debug|Any CPU.Build.0 = Debug|Any CPU
		{D58E22D6-CFCE-492E-A258-40E18A71C5EE}.Release|Any CPU.ActiveCfg = Release|Any CPU
		{D58E22D6-CFCE-492E-A258-40E18A71C5EE}.Release|Any CPU.Build.0 = Release|Any CPU
		{FEF50F12-5F39-4358-B38C-C7B2A3C9A726}.Debug|Any CPU.ActiveCfg = Debug|Any CPU
		{FEF50F12-5F39-4358-B38C-C7B2A3C9A726}.Debug|Any CPU.Build.0 = Debug|Any CPU
		{FEF50F12-5F39-4358-B38C-C7B2A3C9A726}.Release|Any CPU.ActiveCfg = Release|Any CPU
		{FEF50F12-5F39-4358-B38C-C7B2A3C9A726}.Release|Any CPU.Build.0 = Release|Any CPU
		{CA0DE2CA-4880-4AB3-B6EC-ECC5B8E8BE03}.Debug|Any CPU.ActiveCfg = Debug|Any CPU
		{CA0DE2CA-4880-4AB3-B6EC-ECC5B8E8BE03}.Debug|Any CPU.Build.0 = Debug|Any CPU
		{CA0DE2CA-4880-4AB3-B6EC-ECC5B8E8BE03}.Release|Any CPU.ActiveCfg = Release|Any CPU
		{CA0DE2CA-4880-4AB3-B6EC-ECC5B8E8BE03}.Release|Any CPU.Build.0 = Release|Any CPU
		{7277B46F-84D4-4343-B740-6F80C6DC4F4F}.Debug|Any CPU.ActiveCfg = Debug|Any CPU
		{7277B46F-84D4-4343-B740-6F80C6DC4F4F}.Debug|Any CPU.Build.0 = Debug|Any CPU
		{7277B46F-84D4-4343-B740-6F80C6DC4F4F}.Release|Any CPU.ActiveCfg = Release|Any CPU
		{7277B46F-84D4-4343-B740-6F80C6DC4F4F}.Release|Any CPU.Build.0 = Release|Any CPU
		{5885A060-0E32-445E-8688-F857A1A8FAAD}.Debug|Any CPU.ActiveCfg = Debug|Any CPU
		{5885A060-0E32-445E-8688-F857A1A8FAAD}.Debug|Any CPU.Build.0 = Debug|Any CPU
		{5885A060-0E32-445E-8688-F857A1A8FAAD}.Release|Any CPU.ActiveCfg = Release|Any CPU
		{5885A060-0E32-445E-8688-F857A1A8FAAD}.Release|Any CPU.Build.0 = Release|Any CPU
		{0141CD45-D58A-4FA6-9A95-775B6795AFF0}.Debug|Any CPU.ActiveCfg = Debug|Any CPU
		{0141CD45-D58A-4FA6-9A95-775B6795AFF0}.Debug|Any CPU.Build.0 = Debug|Any CPU
		{0141CD45-D58A-4FA6-9A95-775B6795AFF0}.Release|Any CPU.ActiveCfg = Release|Any CPU
		{0141CD45-D58A-4FA6-9A95-775B6795AFF0}.Release|Any CPU.Build.0 = Release|Any CPU
		{F7AE05BB-2F7D-4800-B648-E19AB09B8116}.Debug|Any CPU.ActiveCfg = Debug|Any CPU
		{F7AE05BB-2F7D-4800-B648-E19AB09B8116}.Debug|Any CPU.Build.0 = Debug|Any CPU
		{F7AE05BB-2F7D-4800-B648-E19AB09B8116}.Release|Any CPU.ActiveCfg = Release|Any CPU
		{F7AE05BB-2F7D-4800-B648-E19AB09B8116}.Release|Any CPU.Build.0 = Release|Any CPU
		{7EC1A998-1728-42DF-AA26-2DC653BB0BE0}.Debug|Any CPU.ActiveCfg = Debug|Any CPU
		{7EC1A998-1728-42DF-AA26-2DC653BB0BE0}.Debug|Any CPU.Build.0 = Debug|Any CPU
		{7EC1A998-1728-42DF-AA26-2DC653BB0BE0}.Release|Any CPU.ActiveCfg = Release|Any CPU
		{7EC1A998-1728-42DF-AA26-2DC653BB0BE0}.Release|Any CPU.Build.0 = Release|Any CPU
		{96A45E05-0DF1-4088-B039-8D83E99883C5}.Debug|Any CPU.ActiveCfg = Debug|Any CPU
		{96A45E05-0DF1-4088-B039-8D83E99883C5}.Debug|Any CPU.Build.0 = Debug|Any CPU
		{96A45E05-0DF1-4088-B039-8D83E99883C5}.Release|Any CPU.ActiveCfg = Release|Any CPU
		{96A45E05-0DF1-4088-B039-8D83E99883C5}.Release|Any CPU.Build.0 = Release|Any CPU
		{D27A4C3B-DB27-4162-9E01-3A97C3A80A9D}.Debug|Any CPU.ActiveCfg = Debug|Any CPU
		{D27A4C3B-DB27-4162-9E01-3A97C3A80A9D}.Debug|Any CPU.Build.0 = Debug|Any CPU
		{D27A4C3B-DB27-4162-9E01-3A97C3A80A9D}.Release|Any CPU.ActiveCfg = Release|Any CPU
		{D27A4C3B-DB27-4162-9E01-3A97C3A80A9D}.Release|Any CPU.Build.0 = Release|Any CPU
	EndGlobalSection
	GlobalSection(SolutionProperties) = preSolution
		HideSolutionNode = FALSE
	EndGlobalSection
	GlobalSection(NestedProjects) = preSolution
		{F76C3C74-25EE-4A64-A6C7-949F384CD909} = {E7DD73CE-2C02-4D5E-9135-6E1AB22611A8}
		{7EFF3D53-12CE-481B-B7C0-5FB8F6A2ABB7} = {37036782-98EC-492F-B53B-034CA6EC4A8D}
		{C24AEC3E-D6F8-4210-8C5B-7947C2D7BCAB} = {B88B43AC-CF59-4B73-B68B-D9DDC6EB0750}
		{FEF50F12-5F39-4358-B38C-C7B2A3C9A726} = {37036782-98EC-492F-B53B-034CA6EC4A8D}
		{CA0DE2CA-4880-4AB3-B6EC-ECC5B8E8BE03} = {E7DD73CE-2C02-4D5E-9135-6E1AB22611A8}
		{7277B46F-84D4-4343-B740-6F80C6DC4F4F} = {E7DD73CE-2C02-4D5E-9135-6E1AB22611A8}
		{5885A060-0E32-445E-8688-F857A1A8FAAD} = {3E0AD187-780A-48F2-9A19-833794621724}
		{0141CD45-D58A-4FA6-9A95-775B6795AFF0} = {E7DD73CE-2C02-4D5E-9135-6E1AB22611A8}
		{F7AE05BB-2F7D-4800-B648-E19AB09B8116} = {E7DD73CE-2C02-4D5E-9135-6E1AB22611A8}
		{7EC1A998-1728-42DF-AA26-2DC653BB0BE0} = {37036782-98EC-492F-B53B-034CA6EC4A8D}
		{D27A4C3B-DB27-4162-9E01-3A97C3A80A9D} = {B88B43AC-CF59-4B73-B68B-D9DDC6EB0750}
	EndGlobalSection
	GlobalSection(ExtensibilityGlobals) = postSolution
		SolutionGuid = {6265760A-7113-4314-970D-CD3BE9D9C751}
	EndGlobalSection
EndGlobal
