
Microsoft Visual Studio Solution File, Format Version 12.00
# Visual Studio Version 16
VisualStudioVersion = 16.0.28803.452
MinimumVisualStudioVersion = 10.0.40219.1
Project("{FAE04EC0-301F-11D3-BF4B-00C04F79EFBC}") = "Mountain-Rescue-Services", "Mountain-Rescue-Services\Mountain-Rescue-Services.csproj", "{D1B83AB1-A780-4ACE-A8CF-53207B9C309D}"
EndProject
Global
	GlobalSection(SolutionConfigurationPlatforms) = preSolution
		Debug|Any CPU = Debug|Any CPU
		Release|Any CPU = Release|Any CPU
	EndGlobalSection
	GlobalSection(ProjectConfigurationPlatforms) = postSolution
		{D1B83AB1-A780-4ACE-A8CF-53207B9C309D}.Debug|Any CPU.ActiveCfg = Debug|Any CPU
		{D1B83AB1-A780-4ACE-A8CF-53207B9C309D}.Debug|Any CPU.Build.0 = Debug|Any CPU
		{D1B83AB1-A780-4ACE-A8CF-53207B9C309D}.Release|Any CPU.ActiveCfg = Release|Any CPU
		{D1B83AB1-A780-4ACE-A8CF-53207B9C309D}.Release|Any CPU.Build.0 = Release|Any CPU
	EndGlobalSection
	GlobalSection(SolutionProperties) = preSolution
		HideSolutionNode = FALSE
	EndGlobalSection
	GlobalSection(ExtensibilityGlobals) = postSolution
		SolutionGuid = {D16B06EA-BC06-4A23-AF70-AAC35E80FDD4}
	EndGlobalSection
EndGlobal
